
Microsoft Visual Studio Solution File, Format Version 12.00
# Visual Studio 15
VisualStudioVersion = 15.0.28307.902
MinimumVisualStudioVersion = 10.0.40219.1
Project("{888888A0-9F3D-457C-B088-3A5042F75D52}") = "PskovHistory", "PskovHistory\PskovHistory.pyproj", "{FCBBC3B9-4372-44B3-9ABE-E1D81E451ACD}"
EndProject
Global
	GlobalSection(SolutionConfigurationPlatforms) = preSolution
		Debug|Any CPU = Debug|Any CPU
		Release|Any CPU = Release|Any CPU
	EndGlobalSection
	GlobalSection(ProjectConfigurationPlatforms) = postSolution
		{FCBBC3B9-4372-44B3-9ABE-E1D81E451ACD}.Debug|Any CPU.ActiveCfg = Debug|Any CPU
		{FCBBC3B9-4372-44B3-9ABE-E1D81E451ACD}.Debug|Any CPU.Build.0 = Debug|Any CPU
		{FCBBC3B9-4372-44B3-9ABE-E1D81E451ACD}.Release|Any CPU.ActiveCfg = Release|Any CPU
		{FCBBC3B9-4372-44B3-9ABE-E1D81E451ACD}.Release|Any CPU.Build.0 = Release|Any CPU
	EndGlobalSection
	GlobalSection(SolutionProperties) = preSolution
		HideSolutionNode = FALSE
	EndGlobalSection
	GlobalSection(ExtensibilityGlobals) = postSolution
		SolutionGuid = {32507AF3-9359-45D1-B8FA-CE17A92E243D}
	EndGlobalSection
EndGlobal
